
Microsoft Visual Studio Solution File, Format Version 12.00
# Visual Studio Version 17
VisualStudioVersion = 17.14.36518.9 d17.14
MinimumVisualStudioVersion = 10.0.40219.1
Project("{FAE04EC0-301F-11D3-BF4B-00C04F79EFBC}") = "ZorkRecreationLab", "ZorkRecreationLab\ZorkRecreationLab.csproj", "{C972A2FF-A40D-4406-88B9-B478AC702C13}"
EndProject
Global
	GlobalSection(SolutionConfigurationPlatforms) = preSolution
		Debug|Any CPU = Debug|Any CPU
		Release|Any CPU = Release|Any CPU
	EndGlobalSection
	GlobalSection(ProjectConfigurationPlatforms) = postSolution
		{C972A2FF-A40D-4406-88B9-B478AC702C13}.Debug|Any CPU.ActiveCfg = Debug|Any CPU
		{C972A2FF-A40D-4406-88B9-B478AC702C13}.Debug|Any CPU.Build.0 = Debug|Any CPU
		{C972A2FF-A40D-4406-88B9-B478AC702C13}.Release|Any CPU.ActiveCfg = Release|Any CPU
		{C972A2FF-A40D-4406-88B9-B478AC702C13}.Release|Any CPU.Build.0 = Release|Any CPU
	EndGlobalSection
	GlobalSection(SolutionProperties) = preSolution
		HideSolutionNode = FALSE
	EndGlobalSection
	GlobalSection(ExtensibilityGlobals) = postSolution
		SolutionGuid = {806906FE-4F29-4718-AFED-BBB76EB296A4}
	EndGlobalSection
EndGlobal
